
Microsoft Visual Studio Solution File, Format Version 12.00
# Visual Studio Version 18
VisualStudioVersion = 18.5.11723.231
MinimumVisualStudioVersion = 10.0.40219.1
Project("{2150E333-8FDC-42A3-9474-1A3956D46DE8}") = "src", "src", "{B6D04711-6940-41D7-A808-A4E77503171F}"
EndProject
Project("{FAE04EC0-301F-11D3-BF4B-00C04F79EFBC}") = "SomnosSuite.Domain", "src\SomnosSuite.Domain\SomnosSuite.Domain.csproj", "{AC8F9BAC-3E58-42CF-B244-DD6EBD2E7655}"
EndProject
Project("{FAE04EC0-301F-11D3-BF4B-00C04F79EFBC}") = "SomnosSuite.Application", "src\SomnosSuite.Application\SomnosSuite.Application.csproj", "{0D7D3091-D825-4575-9CBC-2DC564F7F7DF}"
EndProject
Project("{FAE04EC0-301F-11D3-BF4B-00C04F79EFBC}") = "SomnosSuite.Infrastructure", "src\SomnosSuite.Infrastructure\SomnosSuite.Infrastructure.csproj", "{DDC8B9C9-6148-4938-8A7D-3D37B9490E31}"
EndProject
Project("{FAE04EC0-301F-11D3-BF4B-00C04F79EFBC}") = "SomnosSuite.Persistence", "src\SomnosSuite.Persistence\SomnosSuite.Persistence.csproj", "{49B6035D-56E4-4909-A0D0-E3A1F0BE2D6A}"
EndProject
Project("{FAE04EC0-301F-11D3-BF4B-00C04F79EFBC}") = "SomnosSuite.Presentation", "src\SomnosSuite.Presentation\SomnosSuite.Presentation.csproj", "{260DF0A5-4B93-40B8-92D7-ED0D9C679C34}"
EndProject
Project("{FAE04EC0-301F-11D3-BF4B-00C04F79EFBC}") = "SomnosSuite.WebApi", "src\SomnosSuite.WebApi\SomnosSuite.WebApi.csproj", "{37AE438E-69FD-421F-9F8D-730F25B838D3}"
EndProject
Project("{2150E333-8FDC-42A3-9474-1A3956D46DE8}") = "tests", "tests", "{0AB3BF05-4346-4AA6-1389-037BE0695223}"
EndProject
Project("{FAE04EC0-301F-11D3-BF4B-00C04F79EFBC}") = "SomnosSuite.Domain.Tests", "tests\SomnosSuite.Domain.Tests\SomnosSuite.Domain.Tests.csproj", "{3328C068-D4DE-4936-A771-538F841FB09E}"
EndProject
Project("{FAE04EC0-301F-11D3-BF4B-00C04F79EFBC}") = "SomnosSuite.Application.Tests", "tests\SomnosSuite.Application.Tests\SomnosSuite.Application.Tests.csproj", "{943B4AB3-9BB1-45AE-A574-F40028BBD292}"
EndProject
Project("{2150E333-8FDC-42A3-9474-1A3956D46DE8}") = "tools", "tools", "{07C2787E-EAC7-C090-1BA3-A61EC2A24D84}"
EndProject
Project("{FAE04EC0-301F-11D3-BF4B-00C04F79EFBC}") = "SomnosSuite.DatabaseMigrator", "tools\SomnosSuite.DatabaseMigrator\SomnosSuite.DatabaseMigrator.csproj", "{32BF4898-2EEC-4EF8-8116-B1F68B4C7307}"
EndProject
Project("{FAE04EC0-301F-11D3-BF4B-00C04F79EFBC}") = "SomnosSuite.Integration.Tests", "tests\SomnosSuite.Integration.Tests\SomnosSuite.Integration.Tests.csproj", "{B29AF39F-EEEC-4641-B1F8-4B6483BD6601}"
EndProject
Global
	GlobalSection(SolutionConfigurationPlatforms) = preSolution
		Debug|Any CPU = Debug|Any CPU
		Debug|x64 = Debug|x64
		Debug|x86 = Debug|x86
		Release|Any CPU = Release|Any CPU
		Release|x64 = Release|x64
		Release|x86 = Release|x86
	EndGlobalSection
	GlobalSection(ProjectConfigurationPlatforms) = postSolution
		{AC8F9BAC-3E58-42CF-B244-DD6EBD2E7655}.Debug|Any CPU.ActiveCfg = Debug|Any CPU
		{AC8F9BAC-3E58-42CF-B244-DD6EBD2E7655}.Debug|Any CPU.Build.0 = Debug|Any CPU
		{AC8F9BAC-3E58-42CF-B244-DD6EBD2E7655}.Debug|x64.ActiveCfg = Debug|Any CPU
		{AC8F9BAC-3E58-42CF-B244-DD6EBD2E7655}.Debug|x64.Build.0 = Debug|Any CPU
		{AC8F9BAC-3E58-42CF-B244-DD6EBD2E7655}.Debug|x86.ActiveCfg = Debug|Any CPU
		{AC8F9BAC-3E58-42CF-B244-DD6EBD2E7655}.Debug|x86.Build.0 = Debug|Any CPU
		{AC8F9BAC-3E58-42CF-B244-DD6EBD2E7655}.Release|Any CPU.ActiveCfg = Release|Any CPU
		{AC8F9BAC-3E58-42CF-B244-DD6EBD2E7655}.Release|Any CPU.Build.0 = Release|Any CPU
		{AC8F9BAC-3E58-42CF-B244-DD6EBD2E7655}.Release|x64.ActiveCfg = Release|Any CPU
		{AC8F9BAC-3E58-42CF-B244-DD6EBD2E7655}.Release|x64.Build.0 = Release|Any CPU
		{AC8F9BAC-3E58-42CF-B244-DD6EBD2E7655}.Release|x86.ActiveCfg = Release|Any CPU
		{AC8F9BAC-3E58-42CF-B244-DD6EBD2E7655}.Release|x86.Build.0 = Release|Any CPU
		{0D7D3091-D825-4575-9CBC-2DC564F7F7DF}.Debug|Any CPU.ActiveCfg = Debug|Any CPU
		{0D7D3091-D825-4575-9CBC-2DC564F7F7DF}.Debug|Any CPU.Build.0 = Debug|Any CPU
		{0D7D3091-D825-4575-9CBC-2DC564F7F7DF}.Debug|x64.ActiveCfg = Debug|Any CPU
		{0D7D3091-D825-4575-9CBC-2DC564F7F7DF}.Debug|x64.Build.0 = Debug|Any CPU
		{0D7D3091-D825-4575-9CBC-2DC564F7F7DF}.Debug|x86.ActiveCfg = Debug|Any CPU
		{0D7D3091-D825-4575-9CBC-2DC564F7F7DF}.Debug|x86.Build.0 = Debug|Any CPU
		{0D7D3091-D825-4575-9CBC-2DC564F7F7DF}.Release|Any CPU.ActiveCfg = Release|Any CPU
		{0D7D3091-D825-4575-9CBC-2DC564F7F7DF}.Release|Any CPU.Build.0 = Release|Any CPU
		{0D7D3091-D825-4575-9CBC-2DC564F7F7DF}.Release|x64.ActiveCfg = Release|Any CPU
		{0D7D3091-D825-4575-9CBC-2DC564F7F7DF}.Release|x64.Build.0 = Release|Any CPU
		{0D7D3091-D825-4575-9CBC-2DC564F7F7DF}.Release|x86.ActiveCfg = Release|Any CPU
		{0D7D3091-D825-4575-9CBC-2DC564F7F7DF}.Release|x86.Build.0 = Release|Any CPU
		{DDC8B9C9-6148-4938-8A7D-3D37B9490E31}.Debug|Any CPU.ActiveCfg = Debug|Any CPU
		{DDC8B9C9-6148-4938-8A7D-3D37B9490E31}.Debug|Any CPU.Build.0 = Debug|Any CPU
		{DDC8B9C9-6148-4938-8A7D-3D37B9490E31}.Debug|x64.ActiveCfg = Debug|Any CPU
		{DDC8B9C9-6148-4938-8A7D-3D37B9490E31}.Debug|x64.Build.0 = Debug|Any CPU
		{DDC8B9C9-6148-4938-8A7D-3D37B9490E31}.Debug|x86.ActiveCfg = Debug|Any CPU
		{DDC8B9C9-6148-4938-8A7D-3D37B9490E31}.Debug|x86.Build.0 = Debug|Any CPU
		{DDC8B9C9-6148-4938-8A7D-3D37B9490E31}.Release|Any CPU.ActiveCfg = Release|Any CPU
		{DDC8B9C9-6148-4938-8A7D-3D37B9490E31}.Release|Any CPU.Build.0 = Release|Any CPU
		{DDC8B9C9-6148-4938-8A7D-3D37B9490E31}.Release|x64.ActiveCfg = Release|Any CPU
		{DDC8B9C9-6148-4938-8A7D-3D37B9490E31}.Release|x64.Build.0 = Release|Any CPU
		{DDC8B9C9-6148-4938-8A7D-3D37B9490E31}.Release|x86.ActiveCfg = Release|Any CPU
		{DDC8B9C9-6148-4938-8A7D-3D37B9490E31}.Release|x86.Build.0 = Release|Any CPU
		{49B6035D-56E4-4909-A0D0-E3A1F0BE2D6A}.Debug|Any CPU.ActiveCfg = Debug|Any CPU
		{49B6035D-56E4-4909-A0D0-E3A1F0BE2D6A}.Debug|Any CPU.Build.0 = Debug|Any CPU
		{49B6035D-56E4-4909-A0D0-E3A1F0BE2D6A}.Debug|x64.ActiveCfg = Debug|Any CPU
		{49B6035D-56E4-4909-A0D0-E3A1F0BE2D6A}.Debug|x64.Build.0 = Debug|Any CPU
		{49B6035D-56E4-4909-A0D0-E3A1F0BE2D6A}.Debug|x86.ActiveCfg = Debug|Any CPU
		{49B6035D-56E4-4909-A0D0-E3A1F0BE2D6A}.Debug|x86.Build.0 = Debug|Any CPU
		{49B6035D-56E4-4909-A0D0-E3A1F0BE2D6A}.Release|Any CPU.ActiveCfg = Release|Any CPU
		{49B6035D-56E4-4909-A0D0-E3A1F0BE2D6A}.Release|Any CPU.Build.0 = Release|Any CPU
		{49B6035D-56E4-4909-A0D0-E3A1F0BE2D6A}.Release|x64.ActiveCfg = Release|Any CPU
		{49B6035D-56E4-4909-A0D0-E3A1F0BE2D6A}.Release|x64.Build.0 = Release|Any CPU
		{49B6035D-56E4-4909-A0D0-E3A1F0BE2D6A}.Release|x86.ActiveCfg = Release|Any CPU
		{49B6035D-56E4-4909-A0D0-E3A1F0BE2D6A}.Release|x86.Build.0 = Release|Any CPU
		{260DF0A5-4B93-40B8-92D7-ED0D9C679C34}.Debug|Any CPU.ActiveCfg = Debug|Any CPU
		{260DF0A5-4B93-40B8-92D7-ED0D9C679C34}.Debug|Any CPU.Build.0 = Debug|Any CPU
		{260DF0A5-4B93-40B8-92D7-ED0D9C679C34}.Debug|x64.ActiveCfg = Debug|Any CPU
		{260DF0A5-4B93-40B8-92D7-ED0D9C679C34}.Debug|x64.Build.0 = Debug|Any CPU
		{260DF0A5-4B93-40B8-92D7-ED0D9C679C34}.Debug|x86.ActiveCfg = Debug|Any CPU
		{260DF0A5-4B93-40B8-92D7-ED0D9C679C34}.Debug|x86.Build.0 = Debug|Any CPU
		{260DF0A5-4B93-40B8-92D7-ED0D9C679C34}.Release|Any CPU.ActiveCfg = Release|Any CPU
		{260DF0A5-4B93-40B8-92D7-ED0D9C679C34}.Release|Any CPU.Build.0 = Release|Any CPU
		{260DF0A5-4B93-40B8-92D7-ED0D9C679C34}.Release|x64.ActiveCfg = Release|Any CPU
		{260DF0A5-4B93-40B8-92D7-ED0D9C679C34}.Release|x64.Build.0 = Release|Any CPU
		{260DF0A5-4B93-40B8-92D7-ED0D9C679C34}.Release|x86.ActiveCfg = Release|Any CPU
		{260DF0A5-4B93-40B8-92D7-ED0D9C679C34}.Release|x86.Build.0 = Release|Any CPU
		{37AE438E-69FD-421F-9F8D-730F25B838D3}.Debug|Any CPU.ActiveCfg = Debug|Any CPU
		{37AE438E-69FD-421F-9F8D-730F25B838D3}.Debug|Any CPU.Build.0 = Debug|Any CPU
		{37AE438E-69FD-421F-9F8D-730F25B838D3}.Debug|x64.ActiveCfg = Debug|Any CPU
		{37AE438E-69FD-421F-9F8D-730F25B838D3}.Debug|x64.Build.0 = Debug|Any CPU
		{37AE438E-69FD-421F-9F8D-730F25B838D3}.Debug|x86.ActiveCfg = Debug|Any CPU
		{37AE438E-69FD-421F-9F8D-730F25B838D3}.Debug|x86.Build.0 = Debug|Any CPU
		{37AE438E-69FD-421F-9F8D-730F25B838D3}.Release|Any CPU.ActiveCfg = Release|Any CPU
		{37AE438E-69FD-421F-9F8D-730F25B838D3}.Release|Any CPU.Build.0 = Release|Any CPU
		{37AE438E-69FD-421F-9F8D-730F25B838D3}.Release|x64.ActiveCfg = Release|Any CPU
		{37AE438E-69FD-421F-9F8D-730F25B838D3}.Release|x64.Build.0 = Release|Any CPU
		{37AE438E-69FD-421F-9F8D-730F25B838D3}.Release|x86.ActiveCfg = Release|Any CPU
		{37AE438E-69FD-421F-9F8D-730F25B838D3}.Release|x86.Build.0 = Release|Any CPU
		{3328C068-D4DE-4936-A771-538F841FB09E}.Debug|Any CPU.ActiveCfg = Debug|Any CPU
		{3328C068-D4DE-4936-A771-538F841FB09E}.Debug|Any CPU.Build.0 = Debug|Any CPU
		{3328C068-D4DE-4936-A771-538F841FB09E}.Debug|x64.ActiveCfg = Debug|Any CPU
		{3328C068-D4DE-4936-A771-538F841FB09E}.Debug|x64.Build.0 = Debug|Any CPU
		{3328C068-D4DE-4936-A771-538F841FB09E}.Debug|x86.ActiveCfg = Debug|Any CPU
		{3328C068-D4DE-4936-A771-538F841FB09E}.Debug|x86.Build.0 = Debug|Any CPU
		{3328C068-D4DE-4936-A771-538F841FB09E}.Release|Any CPU.ActiveCfg = Release|Any CPU
		{3328C068-D4DE-4936-A771-538F841FB09E}.Release|Any CPU.Build.0 = Release|Any CPU
		{3328C068-D4DE-4936-A771-538F841FB09E}.Release|x64.ActiveCfg = Release|Any CPU
		{3328C068-D4DE-4936-A771-538F841FB09E}.Release|x64.Build.0 = Release|Any CPU
		{3328C068-D4DE-4936-A771-538F841FB09E}.Release|x86.ActiveCfg = Release|Any CPU
		{3328C068-D4DE-4936-A771-538F841FB09E}.Release|x86.Build.0 = Release|Any CPU
		{943B4AB3-9BB1-45AE-A574-F40028BBD292}.Debug|Any CPU.ActiveCfg = Debug|Any CPU
		{943B4AB3-9BB1-45AE-A574-F40028BBD292}.Debug|Any CPU.Build.0 = Debug|Any CPU
		{943B4AB3-9BB1-45AE-A574-F40028BBD292}.Debug|x64.ActiveCfg = Debug|Any CPU
		{943B4AB3-9BB1-45AE-A574-F40028BBD292}.Debug|x64.Build.0 = Debug|Any CPU
		{943B4AB3-9BB1-45AE-A574-F40028BBD292}.Debug|x86.ActiveCfg = Debug|Any CPU
		{943B4AB3-9BB1-45AE-A574-F40028BBD292}.Debug|x86.Build.0 = Debug|Any CPU
		{943B4AB3-9BB1-45AE-A574-F40028BBD292}.Release|Any CPU.ActiveCfg = Release|Any CPU
		{943B4AB3-9BB1-45AE-A574-F40028BBD292}.Release|Any CPU.Build.0 = Release|Any CPU
		{943B4AB3-9BB1-45AE-A574-F40028BBD292}.Release|x64.ActiveCfg = Release|Any CPU
		{943B4AB3-9BB1-45AE-A574-F40028BBD292}.Release|x64.Build.0 = Release|Any CPU
		{943B4AB3-9BB1-45AE-A574-F40028BBD292}.Release|x86.ActiveCfg = Release|Any CPU
		{943B4AB3-9BB1-45AE-A574-F40028BBD292}.Release|x86.Build.0 = Release|Any CPU
		{32BF4898-2EEC-4EF8-8116-B1F68B4C7307}.Debug|Any CPU.ActiveCfg = Debug|Any CPU
		{32BF4898-2EEC-4EF8-8116-B1F68B4C7307}.Debug|Any CPU.Build.0 = Debug|Any CPU
		{32BF4898-2EEC-4EF8-8116-B1F68B4C7307}.Debug|x64.ActiveCfg = Debug|Any CPU
		{32BF4898-2EEC-4EF8-8116-B1F68B4C7307}.Debug|x64.Build.0 = Debug|Any CPU
		{32BF4898-2EEC-4EF8-8116-B1F68B4C7307}.Debug|x86.ActiveCfg = Debug|Any CPU
		{32BF4898-2EEC-4EF8-8116-B1F68B4C7307}.Debug|x86.Build.0 = Debug|Any CPU
		{32BF4898-2EEC-4EF8-8116-B1F68B4C7307}.Release|Any CPU.ActiveCfg = Release|Any CPU
		{32BF4898-2EEC-4EF8-8116-B1F68B4C7307}.Release|Any CPU.Build.0 = Release|Any CPU
		{32BF4898-2EEC-4EF8-8116-B1F68B4C7307}.Release|x64.ActiveCfg = Release|Any CPU
		{32BF4898-2EEC-4EF8-8116-B1F68B4C7307}.Release|x64.Build.0 = Release|Any CPU
		{32BF4898-2EEC-4EF8-8116-B1F68B4C7307}.Release|x86.ActiveCfg = Release|Any CPU
		{32BF4898-2EEC-4EF8-8116-B1F68B4C7307}.Release|x86.Build.0 = Release|Any CPU
		{B29AF39F-EEEC-4641-B1F8-4B6483BD6601}.Debug|Any CPU.ActiveCfg = Debug|Any CPU
		{B29AF39F-EEEC-4641-B1F8-4B6483BD6601}.Debug|Any CPU.Build.0 = Debug|Any CPU
		{B29AF39F-EEEC-4641-B1F8-4B6483BD6601}.Debug|x64.ActiveCfg = Debug|Any CPU
		{B29AF39F-EEEC-4641-B1F8-4B6483BD6601}.Debug|x64.Build.0 = Debug|Any CPU
		{B29AF39F-EEEC-4641-B1F8-4B6483BD6601}.Debug|x86.ActiveCfg = Debug|Any CPU
		{B29AF39F-EEEC-4641-B1F8-4B6483BD6601}.Debug|x86.Build.0 = Debug|Any CPU
		{B29AF39F-EEEC-4641-B1F8-4B6483BD6601}.Release|Any CPU.ActiveCfg = Release|Any CPU
		{B29AF39F-EEEC-4641-B1F8-4B6483BD6601}.Release|Any CPU.Build.0 = Release|Any CPU
		{B29AF39F-EEEC-4641-B1F8-4B6483BD6601}.Release|x64.ActiveCfg = Release|Any CPU
		{B29AF39F-EEEC-4641-B1F8-4B6483BD6601}.Release|x64.Build.0 = Release|Any CPU
		{B29AF39F-EEEC-4641-B1F8-4B6483BD6601}.Release|x86.ActiveCfg = Release|Any CPU
		{B29AF39F-EEEC-4641-B1F8-4B6483BD6601}.Release|x86.Build.0 = Release|Any CPU
	EndGlobalSection
	GlobalSection(SolutionProperties) = preSolution
		HideSolutionNode = FALSE
	EndGlobalSection
	GlobalSection(NestedProjects) = preSolution
		{AC8F9BAC-3E58-42CF-B244-DD6EBD2E7655} = {B6D04711-6940-41D7-A808-A4E77503171F}
		{0D7D3091-D825-4575-9CBC-2DC564F7F7DF} = {B6D04711-6940-41D7-A808-A4E77503171F}
		{DDC8B9C9-6148-4938-8A7D-3D37B9490E31} = {B6D04711-6940-41D7-A808-A4E77503171F}
		{49B6035D-56E4-4909-A0D0-E3A1F0BE2D6A} = {B6D04711-6940-41D7-A808-A4E77503171F}
		{260DF0A5-4B93-40B8-92D7-ED0D9C679C34} = {B6D04711-6940-41D7-A808-A4E77503171F}
		{37AE438E-69FD-421F-9F8D-730F25B838D3} = {B6D04711-6940-41D7-A808-A4E77503171F}
		{3328C068-D4DE-4936-A771-538F841FB09E} = {0AB3BF05-4346-4AA6-1389-037BE0695223}
		{943B4AB3-9BB1-45AE-A574-F40028BBD292} = {0AB3BF05-4346-4AA6-1389-037BE0695223}
		{32BF4898-2EEC-4EF8-8116-B1F68B4C7307} = {07C2787E-EAC7-C090-1BA3-A61EC2A24D84}
		{B29AF39F-EEEC-4641-B1F8-4B6483BD6601} = {0AB3BF05-4346-4AA6-1389-037BE0695223}
	EndGlobalSection
	GlobalSection(ExtensibilityGlobals) = postSolution
		SolutionGuid = {09E60EC9-9EC6-4904-9AC0-21AD0B0BFE96}
	EndGlobalSection
EndGlobal
